
Microsoft Visual Studio Solution File, Format Version 12.00
# Visual Studio Version 17
VisualStudioVersion = 17.1.32319.34
MinimumVisualStudioVersion = 10.0.40219.1
Project("{2150E333-8FDC-42A3-9474-1A3956D46DE8}") = "src", "src", "{70A47FF6-372D-4C66-BD87-7DB636AED154}"
EndProject
Project("{2150E333-8FDC-42A3-9474-1A3956D46DE8}") = "test", "test", "{83E91D5E-3638-432B-9682-21672AD37D1D}"
EndProject
Project("{9A19103F-16F7-4668-BE54-9A1E7A4F7556}") = "Dotnetydd.Permission", "Dncy.Permission\Dotnetydd.Permission.csproj", "{D776D15A-2070-42DB-9597-1FD87F30B9BB}"
EndProject
Project("{9A19103F-16F7-4668-BE54-9A1E7A4F7556}") = "Dotnetydd.Permission.AspNetCore", "Dncy.Permission.AspNetCore\Dotnetydd.Permission.AspNetCore.csproj", "{67203AF2-70EF-4F14-B9E9-2CAE66AB7B86}"
EndProject
Project("{9A19103F-16F7-4668-BE54-9A1E7A4F7556}") = "Dotnetydd.Specifications", "Dncy.Specifications\Dotnetydd.Specifications.csproj", "{C21CBEFA-1E5C-4977-9C27-D310913F7C28}"
EndProject
Project("{9A19103F-16F7-4668-BE54-9A1E7A4F7556}") = "Dotnetydd.Specifications.EntityFrameworkCore", "Dncy.Specifications.EntityFrameworkCore\Dotnetydd.Specifications.EntityFrameworkCore.csproj", "{20208E25-3D12-40BD-9A60-CFECBB119B3A}"
EndProject
Project("{9A19103F-16F7-4668-BE54-9A1E7A4F7556}") = "Dotnetydd.MultiTenancy.AspNetCore", "Dncy.MultiTenancy.AspNetCore\Dotnetydd.MultiTenancy.AspNetCore.csproj", "{2CF53818-983A-4071-B3CF-BA8725A2AF1A}"
EndProject
Project("{9A19103F-16F7-4668-BE54-9A1E7A4F7556}") = "Dotnetydd.MultiTenancy", "Dncy.MultiTenancy\Dotnetydd.MultiTenancy.csproj", "{70963A3E-2D6E-4AA4-93E3-058CC1686978}"
EndProject
Project("{9A19103F-16F7-4668-BE54-9A1E7A4F7556}") = "Dotnetydd.QuartzJob", "Dncy.QuartzJob\Dotnetydd.QuartzJob.csproj", "{81FADEB5-A97F-4D01-ACF5-AE4279A3691D}"
EndProject
Project("{9A19103F-16F7-4668-BE54-9A1E7A4F7556}") = "Dotnetydd.QuartzJob.AspNetCore", "Dncy.QuartzJob.AspNetCore\Dotnetydd.QuartzJob.AspNetCore.csproj", "{EAC1D783-3811-43C7-B5BF-B6CFD7741A01}"
EndProject
Project("{2150E333-8FDC-42A3-9474-1A3956D46DE8}") = "解决方案项", "解决方案项", "{B32689C8-B7A7-4F96-88B1-A34498E6BD26}"
	ProjectSection(SolutionItems) = preProject
		Directory.Build.props = Directory.Build.props
	EndProjectSection
EndProject
Project("{9A19103F-16F7-4668-BE54-9A1E7A4F7556}") = "Dotnetydd.StackExchangeRedis", "Dncy.StackExchangeRedis\Dotnetydd.StackExchangeRedis.csproj", "{99ED4DA7-FF44-44E8-A63C-37832EE938CB}"
EndProject
Project("{9A19103F-16F7-4668-BE54-9A1E7A4F7556}") = "MultiTenancyTest", "tests\MultiTenancyTest\MultiTenancyTest.csproj", "{E23D9A89-126A-4345-BD2E-2B67409BDB87}"
EndProject
Project("{9A19103F-16F7-4668-BE54-9A1E7A4F7556}") = "PermissionTest", "tests\PermissionTest\PermissionTest.csproj", "{59236B89-816F-406F-A5AA-510656D6E904}"
EndProject
Project("{FAE04EC0-301F-11D3-BF4B-00C04F79EFBC}") = "QuartzJobTest", "tests\QuartzJobTest\QuartzJobTest.csproj", "{8DD8C4E1-F78B-4F62-8FC2-9F00EF0A9F10}"
EndProject
Global
	GlobalSection(SolutionConfigurationPlatforms) = preSolution
		Debug|Any CPU = Debug|Any CPU
		Release|Any CPU = Release|Any CPU
	EndGlobalSection
	GlobalSection(ProjectConfigurationPlatforms) = postSolution
		{D776D15A-2070-42DB-9597-1FD87F30B9BB}.Debug|Any CPU.ActiveCfg = Debug|Any CPU
		{D776D15A-2070-42DB-9597-1FD87F30B9BB}.Debug|Any CPU.Build.0 = Debug|Any CPU
		{D776D15A-2070-42DB-9597-1FD87F30B9BB}.Release|Any CPU.ActiveCfg = Release|Any CPU
		{D776D15A-2070-42DB-9597-1FD87F30B9BB}.Release|Any CPU.Build.0 = Release|Any CPU
		{67203AF2-70EF-4F14-B9E9-2CAE66AB7B86}.Debug|Any CPU.ActiveCfg = Debug|Any CPU
		{67203AF2-70EF-4F14-B9E9-2CAE66AB7B86}.Debug|Any CPU.Build.0 = Debug|Any CPU
		{67203AF2-70EF-4F14-B9E9-2CAE66AB7B86}.Release|Any CPU.ActiveCfg = Release|Any CPU
		{67203AF2-70EF-4F14-B9E9-2CAE66AB7B86}.Release|Any CPU.Build.0 = Release|Any CPU
		{C21CBEFA-1E5C-4977-9C27-D310913F7C28}.Debug|Any CPU.ActiveCfg = Debug|Any CPU
		{C21CBEFA-1E5C-4977-9C27-D310913F7C28}.Debug|Any CPU.Build.0 = Debug|Any CPU
		{C21CBEFA-1E5C-4977-9C27-D310913F7C28}.Release|Any CPU.ActiveCfg = Release|Any CPU
		{C21CBEFA-1E5C-4977-9C27-D310913F7C28}.Release|Any CPU.Build.0 = Release|Any CPU
		{20208E25-3D12-40BD-9A60-CFECBB119B3A}.Debug|Any CPU.ActiveCfg = Debug|Any CPU
		{20208E25-3D12-40BD-9A60-CFECBB119B3A}.Debug|Any CPU.Build.0 = Debug|Any CPU
		{20208E25-3D12-40BD-9A60-CFECBB119B3A}.Release|Any CPU.ActiveCfg = Release|Any CPU
		{20208E25-3D12-40BD-9A60-CFECBB119B3A}.Release|Any CPU.Build.0 = Release|Any CPU
		{2CF53818-983A-4071-B3CF-BA8725A2AF1A}.Debug|Any CPU.ActiveCfg = Debug|Any CPU
		{2CF53818-983A-4071-B3CF-BA8725A2AF1A}.Debug|Any CPU.Build.0 = Debug|Any CPU
		{2CF53818-983A-4071-B3CF-BA8725A2AF1A}.Release|Any CPU.ActiveCfg = Release|Any CPU
		{2CF53818-983A-4071-B3CF-BA8725A2AF1A}.Release|Any CPU.Build.0 = Release|Any CPU
		{70963A3E-2D6E-4AA4-93E3-058CC1686978}.Debug|Any CPU.ActiveCfg = Debug|Any CPU
		{70963A3E-2D6E-4AA4-93E3-058CC1686978}.Debug|Any CPU.Build.0 = Debug|Any CPU
		{70963A3E-2D6E-4AA4-93E3-058CC1686978}.Release|Any CPU.ActiveCfg = Release|Any CPU
		{70963A3E-2D6E-4AA4-93E3-058CC1686978}.Release|Any CPU.Build.0 = Release|Any CPU
		{81FADEB5-A97F-4D01-ACF5-AE4279A3691D}.Debug|Any CPU.ActiveCfg = Debug|Any CPU
		{81FADEB5-A97F-4D01-ACF5-AE4279A3691D}.Debug|Any CPU.Build.0 = Debug|Any CPU
		{81FADEB5-A97F-4D01-ACF5-AE4279A3691D}.Release|Any CPU.ActiveCfg = Release|Any CPU
		{81FADEB5-A97F-4D01-ACF5-AE4279A3691D}.Release|Any CPU.Build.0 = Release|Any CPU
		{EAC1D783-3811-43C7-B5BF-B6CFD7741A01}.Debug|Any CPU.ActiveCfg = Debug|Any CPU
		{EAC1D783-3811-43C7-B5BF-B6CFD7741A01}.Debug|Any CPU.Build.0 = Debug|Any CPU
		{EAC1D783-3811-43C7-B5BF-B6CFD7741A01}.Release|Any CPU.ActiveCfg = Release|Any CPU
		{EAC1D783-3811-43C7-B5BF-B6CFD7741A01}.Release|Any CPU.Build.0 = Release|Any CPU
		{99ED4DA7-FF44-44E8-A63C-37832EE938CB}.Debug|Any CPU.ActiveCfg = Debug|Any CPU
		{99ED4DA7-FF44-44E8-A63C-37832EE938CB}.Debug|Any CPU.Build.0 = Debug|Any CPU
		{99ED4DA7-FF44-44E8-A63C-37832EE938CB}.Release|Any CPU.ActiveCfg = Release|Any CPU
		{99ED4DA7-FF44-44E8-A63C-37832EE938CB}.Release|Any CPU.Build.0 = Release|Any CPU
		{E23D9A89-126A-4345-BD2E-2B67409BDB87}.Debug|Any CPU.ActiveCfg = Debug|Any CPU
		{E23D9A89-126A-4345-BD2E-2B67409BDB87}.Debug|Any CPU.Build.0 = Debug|Any CPU
		{E23D9A89-126A-4345-BD2E-2B67409BDB87}.Release|Any CPU.ActiveCfg = Release|Any CPU
		{E23D9A89-126A-4345-BD2E-2B67409BDB87}.Release|Any CPU.Build.0 = Release|Any CPU
		{59236B89-816F-406F-A5AA-510656D6E904}.Debug|Any CPU.ActiveCfg = Debug|Any CPU
		{59236B89-816F-406F-A5AA-510656D6E904}.Debug|Any CPU.Build.0 = Debug|Any CPU
		{59236B89-816F-406F-A5AA-510656D6E904}.Release|Any CPU.ActiveCfg = Release|Any CPU
		{59236B89-816F-406F-A5AA-510656D6E904}.Release|Any CPU.Build.0 = Release|Any CPU
		{8DD8C4E1-F78B-4F62-8FC2-9F00EF0A9F10}.Debug|Any CPU.ActiveCfg = Debug|Any CPU
		{8DD8C4E1-F78B-4F62-8FC2-9F00EF0A9F10}.Debug|Any CPU.Build.0 = Debug|Any CPU
		{8DD8C4E1-F78B-4F62-8FC2-9F00EF0A9F10}.Release|Any CPU.ActiveCfg = Release|Any CPU
		{8DD8C4E1-F78B-4F62-8FC2-9F00EF0A9F10}.Release|Any CPU.Build.0 = Release|Any CPU
	EndGlobalSection
	GlobalSection(SolutionProperties) = preSolution
		HideSolutionNode = FALSE
	EndGlobalSection
	GlobalSection(NestedProjects) = preSolution
		{D776D15A-2070-42DB-9597-1FD87F30B9BB} = {70A47FF6-372D-4C66-BD87-7DB636AED154}
		{67203AF2-70EF-4F14-B9E9-2CAE66AB7B86} = {70A47FF6-372D-4C66-BD87-7DB636AED154}
		{C21CBEFA-1E5C-4977-9C27-D310913F7C28} = {70A47FF6-372D-4C66-BD87-7DB636AED154}
		{20208E25-3D12-40BD-9A60-CFECBB119B3A} = {70A47FF6-372D-4C66-BD87-7DB636AED154}
		{2CF53818-983A-4071-B3CF-BA8725A2AF1A} = {70A47FF6-372D-4C66-BD87-7DB636AED154}
		{70963A3E-2D6E-4AA4-93E3-058CC1686978} = {70A47FF6-372D-4C66-BD87-7DB636AED154}
		{81FADEB5-A97F-4D01-ACF5-AE4279A3691D} = {70A47FF6-372D-4C66-BD87-7DB636AED154}
		{EAC1D783-3811-43C7-B5BF-B6CFD7741A01} = {70A47FF6-372D-4C66-BD87-7DB636AED154}
		{99ED4DA7-FF44-44E8-A63C-37832EE938CB} = {70A47FF6-372D-4C66-BD87-7DB636AED154}
		{E23D9A89-126A-4345-BD2E-2B67409BDB87} = {83E91D5E-3638-432B-9682-21672AD37D1D}
		{59236B89-816F-406F-A5AA-510656D6E904} = {83E91D5E-3638-432B-9682-21672AD37D1D}
		{8DD8C4E1-F78B-4F62-8FC2-9F00EF0A9F10} = {83E91D5E-3638-432B-9682-21672AD37D1D}
	EndGlobalSection
	GlobalSection(ExtensibilityGlobals) = postSolution
		SolutionGuid = {8F5F0788-5958-459A-B53D-296C9756B958}
	EndGlobalSection
EndGlobal
