
Microsoft Visual Studio Solution File, Format Version 12.00
# Visual Studio Version 17
VisualStudioVersion = 17.1.32319.34
MinimumVisualStudioVersion = 10.0.40219.1
Project("{2150E333-8FDC-42A3-9474-1A3956D46DE8}") = "src", "src", "{70A47FF6-372D-4C66-BD87-7DB636AED154}"
EndProject
Project("{2150E333-8FDC-42A3-9474-1A3956D46DE8}") = "test", "test", "{83E91D5E-3638-432B-9682-21672AD37D1D}"
EndProject
Project("{9A19103F-16F7-4668-BE54-9A1E7A4F7556}") = "Dotnetydd.Permission", "Dncy.Permission\Dotnetydd.Permission.csproj", "{D776D15A-2070-42DB-9597-1FD87F30B9BB}"
EndProject
Project("{9A19103F-16F7-4668-BE54-9A1E7A4F7556}") = "Dotnetydd.Permission.AspNetCore", "Dncy.Permission.AspNetCore\Dotnetydd.Permission.AspNetCore.csproj", "{67203AF2-70EF-4F14-B9E9-2CAE66AB7B86}"
EndProject
Project("{9A19103F-16F7-4668-BE54-9A1E7A4F7556}") = "Dotnetydd.Specifications", "Dncy.Specifications\Dotnetydd.Specifications.csproj", "{C21CBEFA-1E5C-4977-9C27-D310913F7C28}"
EndProject
Project("{9A19103F-16F7-4668-BE54-9A1E7A4F7556}") = "Dncy.Specifications.Test", "Test\Dncy.Specifications.Test\Dncy.Specifications.Test.csproj", "{F05AF8B0-A119-4D3B-9111-4A7A264F366C}"
EndProject
Project("{9A19103F-16F7-4668-BE54-9A1E7A4F7556}") = "Dotnetydd.Specifications.EntityFrameworkCore", "Dncy.Specifications.EntityFrameworkCore\Dotnetydd.Specifications.EntityFrameworkCore.csproj", "{20208E25-3D12-40BD-9A60-CFECBB119B3A}"
EndProject
Project("{9A19103F-16F7-4668-BE54-9A1E7A4F7556}") = "Dotnetydd.MultiTenancy.AspNetCore", "Dncy.MultiTenancy.AspNetCore\Dotnetydd.MultiTenancy.AspNetCore.csproj", "{2CF53818-983A-4071-B3CF-BA8725A2AF1A}"
EndProject
Project("{9A19103F-16F7-4668-BE54-9A1E7A4F7556}") = "Dncy.MultiTenancy.Test", "Test\Dncy.MultiTenancy.Test\Dncy.MultiTenancy.Test.csproj", "{CB209C5B-DD55-43CA-A1C6-164D6269A04C}"
EndProject
Project("{9A19103F-16F7-4668-BE54-9A1E7A4F7556}") = "Dotnetydd.MultiTenancy", "Dncy.MultiTenancy\Dotnetydd.MultiTenancy.csproj", "{70963A3E-2D6E-4AA4-93E3-058CC1686978}"
EndProject
Project("{9A19103F-16F7-4668-BE54-9A1E7A4F7556}") = "Dncy.Permission.UnitTest", "Test\Dncy.Permission.UnitTest\Dncy.Permission.UnitTest.csproj", "{63CEDDED-1E50-4B17-90FF-A810185D55F7}"
EndProject
Project("{9A19103F-16F7-4668-BE54-9A1E7A4F7556}") = "Dotnetydd.PipelinePattern", "Dncy.PipelinePattern\Dotnetydd.PipelinePattern.csproj", "{BB001D6D-C225-43EB-B78F-7DCCD7A0093F}"
EndProject
Project("{9A19103F-16F7-4668-BE54-9A1E7A4F7556}") = "Dncy.PipelinePatternTest", "Test\Dncy.PipelinePatternTest\Dncy.PipelinePatternTest.csproj", "{0D9A172F-099F-4ED9-AD03-87B9330B0C1B}"
EndProject
Project("{9A19103F-16F7-4668-BE54-9A1E7A4F7556}") = "Dotnetydd.QuartzJob", "Dncy.QuartzJob\Dotnetydd.QuartzJob.csproj", "{81FADEB5-A97F-4D01-ACF5-AE4279A3691D}"
EndProject
Project("{9A19103F-16F7-4668-BE54-9A1E7A4F7556}") = "DncyQuartzConsoleTest", "Test\DncyQuartzConsoleTest\DncyQuartzConsoleTest.csproj", "{6EE5D234-7325-45EE-B99E-5F68A828A512}"
EndProject
Project("{9A19103F-16F7-4668-BE54-9A1E7A4F7556}") = "Dotnetydd.QuartzJob.AspNetCore", "Dncy.QuartzJob.AspNetCore\Dotnetydd.QuartzJob.AspNetCore.csproj", "{EAC1D783-3811-43C7-B5BF-B6CFD7741A01}"
EndProject
Project("{9A19103F-16F7-4668-BE54-9A1E7A4F7556}") = "Dncy.QuartzJobAspNetCoreTest", "Test\Dncy.QuartzJobAspNetCoreTest\Dncy.QuartzJobAspNetCoreTest.csproj", "{9BDB4C47-7ED5-4345-855F-4BFE46A4F882}"
EndProject
Project("{FAE04EC0-301F-11D3-BF4B-00C04F79EFBC}") = "DncyQuartzJobNetFrameworkTest", "Test\DncyQuartzJobNetFrameworkTest\DncyQuartzJobNetFrameworkTest.csproj", "{E94F5863-3E23-42F1-A042-2E0CC33BDAF4}"
EndProject
Project("{9A19103F-16F7-4668-BE54-9A1E7A4F7556}") = "Dotnetydd.MQMessageActivator", "Dncy.MQMessageActivator\Dotnetydd.MQMessageActivator.csproj", "{BE8759B8-2834-41F5-9AA6-48B1F92D60AF}"
EndProject
Project("{9A19103F-16F7-4668-BE54-9A1E7A4F7556}") = "MQMessageActivatorTest", "Test\MQMessageActivatorTest\MQMessageActivatorTest.csproj", "{456FA176-053E-469E-8ABD-D8DBF0C1A6CE}"
EndProject
Project("{9A19103F-16F7-4668-BE54-9A1E7A4F7556}") = "Dotnetydd.MongoTools", "Dncy.MongoTools\Dotnetydd.MongoTools.csproj", "{E150AC2F-CCC9-49C5-8C2F-FEEA7E2B3204}"
EndProject
Project("{9A19103F-16F7-4668-BE54-9A1E7A4F7556}") = "WebApplication1", "WebApplication1\WebApplication1.csproj", "{AAD673FA-29ED-4754-9ADC-8BA631ABB4BF}"
EndProject
Project("{2150E333-8FDC-42A3-9474-1A3956D46DE8}") = "packageitems", "packageitems", "{20D7264A-43DD-4552-BB84-AE94C0B8B1B8}"
EndProject
Project("{2150E333-8FDC-42A3-9474-1A3956D46DE8}") = "others", "others", "{5BDEAD79-B5D8-4912-B738-8DE967BD07D1}"
EndProject
Project("{2150E333-8FDC-42A3-9474-1A3956D46DE8}") = "解决方案项", "解决方案项", "{B32689C8-B7A7-4F96-88B1-A34498E6BD26}"
	ProjectSection(SolutionItems) = preProject
		Directory.Build.props = Directory.Build.props
	EndProjectSection
EndProject
Global
	GlobalSection(SolutionConfigurationPlatforms) = preSolution
		Debug|Any CPU = Debug|Any CPU
		Release|Any CPU = Release|Any CPU
	EndGlobalSection
	GlobalSection(ProjectConfigurationPlatforms) = postSolution
		{D776D15A-2070-42DB-9597-1FD87F30B9BB}.Debug|Any CPU.ActiveCfg = Debug|Any CPU
		{D776D15A-2070-42DB-9597-1FD87F30B9BB}.Debug|Any CPU.Build.0 = Debug|Any CPU
		{D776D15A-2070-42DB-9597-1FD87F30B9BB}.Release|Any CPU.ActiveCfg = Release|Any CPU
		{D776D15A-2070-42DB-9597-1FD87F30B9BB}.Release|Any CPU.Build.0 = Release|Any CPU
		{67203AF2-70EF-4F14-B9E9-2CAE66AB7B86}.Debug|Any CPU.ActiveCfg = Debug|Any CPU
		{67203AF2-70EF-4F14-B9E9-2CAE66AB7B86}.Debug|Any CPU.Build.0 = Debug|Any CPU
		{67203AF2-70EF-4F14-B9E9-2CAE66AB7B86}.Release|Any CPU.ActiveCfg = Release|Any CPU
		{67203AF2-70EF-4F14-B9E9-2CAE66AB7B86}.Release|Any CPU.Build.0 = Release|Any CPU
		{C21CBEFA-1E5C-4977-9C27-D310913F7C28}.Debug|Any CPU.ActiveCfg = Debug|Any CPU
		{C21CBEFA-1E5C-4977-9C27-D310913F7C28}.Debug|Any CPU.Build.0 = Debug|Any CPU
		{C21CBEFA-1E5C-4977-9C27-D310913F7C28}.Release|Any CPU.ActiveCfg = Release|Any CPU
		{C21CBEFA-1E5C-4977-9C27-D310913F7C28}.Release|Any CPU.Build.0 = Release|Any CPU
		{F05AF8B0-A119-4D3B-9111-4A7A264F366C}.Debug|Any CPU.ActiveCfg = Debug|Any CPU
		{F05AF8B0-A119-4D3B-9111-4A7A264F366C}.Debug|Any CPU.Build.0 = Debug|Any CPU
		{F05AF8B0-A119-4D3B-9111-4A7A264F366C}.Release|Any CPU.ActiveCfg = Release|Any CPU
		{F05AF8B0-A119-4D3B-9111-4A7A264F366C}.Release|Any CPU.Build.0 = Release|Any CPU
		{20208E25-3D12-40BD-9A60-CFECBB119B3A}.Debug|Any CPU.ActiveCfg = Debug|Any CPU
		{20208E25-3D12-40BD-9A60-CFECBB119B3A}.Debug|Any CPU.Build.0 = Debug|Any CPU
		{20208E25-3D12-40BD-9A60-CFECBB119B3A}.Release|Any CPU.ActiveCfg = Release|Any CPU
		{20208E25-3D12-40BD-9A60-CFECBB119B3A}.Release|Any CPU.Build.0 = Release|Any CPU
		{2CF53818-983A-4071-B3CF-BA8725A2AF1A}.Debug|Any CPU.ActiveCfg = Debug|Any CPU
		{2CF53818-983A-4071-B3CF-BA8725A2AF1A}.Debug|Any CPU.Build.0 = Debug|Any CPU
		{2CF53818-983A-4071-B3CF-BA8725A2AF1A}.Release|Any CPU.ActiveCfg = Release|Any CPU
		{2CF53818-983A-4071-B3CF-BA8725A2AF1A}.Release|Any CPU.Build.0 = Release|Any CPU
		{CB209C5B-DD55-43CA-A1C6-164D6269A04C}.Debug|Any CPU.ActiveCfg = Debug|Any CPU
		{CB209C5B-DD55-43CA-A1C6-164D6269A04C}.Debug|Any CPU.Build.0 = Debug|Any CPU
		{CB209C5B-DD55-43CA-A1C6-164D6269A04C}.Release|Any CPU.ActiveCfg = Release|Any CPU
		{CB209C5B-DD55-43CA-A1C6-164D6269A04C}.Release|Any CPU.Build.0 = Release|Any CPU
		{70963A3E-2D6E-4AA4-93E3-058CC1686978}.Debug|Any CPU.ActiveCfg = Debug|Any CPU
		{70963A3E-2D6E-4AA4-93E3-058CC1686978}.Debug|Any CPU.Build.0 = Debug|Any CPU
		{70963A3E-2D6E-4AA4-93E3-058CC1686978}.Release|Any CPU.ActiveCfg = Release|Any CPU
		{70963A3E-2D6E-4AA4-93E3-058CC1686978}.Release|Any CPU.Build.0 = Release|Any CPU
		{63CEDDED-1E50-4B17-90FF-A810185D55F7}.Debug|Any CPU.ActiveCfg = Debug|Any CPU
		{63CEDDED-1E50-4B17-90FF-A810185D55F7}.Debug|Any CPU.Build.0 = Debug|Any CPU
		{63CEDDED-1E50-4B17-90FF-A810185D55F7}.Release|Any CPU.ActiveCfg = Release|Any CPU
		{63CEDDED-1E50-4B17-90FF-A810185D55F7}.Release|Any CPU.Build.0 = Release|Any CPU
		{BB001D6D-C225-43EB-B78F-7DCCD7A0093F}.Debug|Any CPU.ActiveCfg = Debug|Any CPU
		{BB001D6D-C225-43EB-B78F-7DCCD7A0093F}.Debug|Any CPU.Build.0 = Debug|Any CPU
		{BB001D6D-C225-43EB-B78F-7DCCD7A0093F}.Release|Any CPU.ActiveCfg = Release|Any CPU
		{BB001D6D-C225-43EB-B78F-7DCCD7A0093F}.Release|Any CPU.Build.0 = Release|Any CPU
		{0D9A172F-099F-4ED9-AD03-87B9330B0C1B}.Debug|Any CPU.ActiveCfg = Debug|Any CPU
		{0D9A172F-099F-4ED9-AD03-87B9330B0C1B}.Debug|Any CPU.Build.0 = Debug|Any CPU
		{0D9A172F-099F-4ED9-AD03-87B9330B0C1B}.Release|Any CPU.ActiveCfg = Release|Any CPU
		{0D9A172F-099F-4ED9-AD03-87B9330B0C1B}.Release|Any CPU.Build.0 = Release|Any CPU
		{81FADEB5-A97F-4D01-ACF5-AE4279A3691D}.Debug|Any CPU.ActiveCfg = Debug|Any CPU
		{81FADEB5-A97F-4D01-ACF5-AE4279A3691D}.Debug|Any CPU.Build.0 = Debug|Any CPU
		{81FADEB5-A97F-4D01-ACF5-AE4279A3691D}.Release|Any CPU.ActiveCfg = Release|Any CPU
		{81FADEB5-A97F-4D01-ACF5-AE4279A3691D}.Release|Any CPU.Build.0 = Release|Any CPU
		{6EE5D234-7325-45EE-B99E-5F68A828A512}.Debug|Any CPU.ActiveCfg = Debug|Any CPU
		{6EE5D234-7325-45EE-B99E-5F68A828A512}.Debug|Any CPU.Build.0 = Debug|Any CPU
		{6EE5D234-7325-45EE-B99E-5F68A828A512}.Release|Any CPU.ActiveCfg = Release|Any CPU
		{6EE5D234-7325-45EE-B99E-5F68A828A512}.Release|Any CPU.Build.0 = Release|Any CPU
		{EAC1D783-3811-43C7-B5BF-B6CFD7741A01}.Debug|Any CPU.ActiveCfg = Debug|Any CPU
		{EAC1D783-3811-43C7-B5BF-B6CFD7741A01}.Debug|Any CPU.Build.0 = Debug|Any CPU
		{EAC1D783-3811-43C7-B5BF-B6CFD7741A01}.Release|Any CPU.ActiveCfg = Release|Any CPU
		{EAC1D783-3811-43C7-B5BF-B6CFD7741A01}.Release|Any CPU.Build.0 = Release|Any CPU
		{9BDB4C47-7ED5-4345-855F-4BFE46A4F882}.Debug|Any CPU.ActiveCfg = Debug|Any CPU
		{9BDB4C47-7ED5-4345-855F-4BFE46A4F882}.Debug|Any CPU.Build.0 = Debug|Any CPU
		{9BDB4C47-7ED5-4345-855F-4BFE46A4F882}.Release|Any CPU.ActiveCfg = Release|Any CPU
		{9BDB4C47-7ED5-4345-855F-4BFE46A4F882}.Release|Any CPU.Build.0 = Release|Any CPU
		{E94F5863-3E23-42F1-A042-2E0CC33BDAF4}.Debug|Any CPU.ActiveCfg = Debug|Any CPU
		{E94F5863-3E23-42F1-A042-2E0CC33BDAF4}.Debug|Any CPU.Build.0 = Debug|Any CPU
		{E94F5863-3E23-42F1-A042-2E0CC33BDAF4}.Release|Any CPU.ActiveCfg = Release|Any CPU
		{E94F5863-3E23-42F1-A042-2E0CC33BDAF4}.Release|Any CPU.Build.0 = Release|Any CPU
		{BE8759B8-2834-41F5-9AA6-48B1F92D60AF}.Debug|Any CPU.ActiveCfg = Debug|Any CPU
		{BE8759B8-2834-41F5-9AA6-48B1F92D60AF}.Debug|Any CPU.Build.0 = Debug|Any CPU
		{BE8759B8-2834-41F5-9AA6-48B1F92D60AF}.Release|Any CPU.ActiveCfg = Release|Any CPU
		{BE8759B8-2834-41F5-9AA6-48B1F92D60AF}.Release|Any CPU.Build.0 = Release|Any CPU
		{456FA176-053E-469E-8ABD-D8DBF0C1A6CE}.Debug|Any CPU.ActiveCfg = Debug|Any CPU
		{456FA176-053E-469E-8ABD-D8DBF0C1A6CE}.Debug|Any CPU.Build.0 = Debug|Any CPU
		{456FA176-053E-469E-8ABD-D8DBF0C1A6CE}.Release|Any CPU.ActiveCfg = Release|Any CPU
		{456FA176-053E-469E-8ABD-D8DBF0C1A6CE}.Release|Any CPU.Build.0 = Release|Any CPU
		{E150AC2F-CCC9-49C5-8C2F-FEEA7E2B3204}.Debug|Any CPU.ActiveCfg = Debug|Any CPU
		{E150AC2F-CCC9-49C5-8C2F-FEEA7E2B3204}.Debug|Any CPU.Build.0 = Debug|Any CPU
		{E150AC2F-CCC9-49C5-8C2F-FEEA7E2B3204}.Release|Any CPU.ActiveCfg = Release|Any CPU
		{E150AC2F-CCC9-49C5-8C2F-FEEA7E2B3204}.Release|Any CPU.Build.0 = Release|Any CPU
		{AAD673FA-29ED-4754-9ADC-8BA631ABB4BF}.Debug|Any CPU.ActiveCfg = Debug|Any CPU
		{AAD673FA-29ED-4754-9ADC-8BA631ABB4BF}.Debug|Any CPU.Build.0 = Debug|Any CPU
		{AAD673FA-29ED-4754-9ADC-8BA631ABB4BF}.Release|Any CPU.ActiveCfg = Release|Any CPU
		{AAD673FA-29ED-4754-9ADC-8BA631ABB4BF}.Release|Any CPU.Build.0 = Release|Any CPU
	EndGlobalSection
	GlobalSection(SolutionProperties) = preSolution
		HideSolutionNode = FALSE
	EndGlobalSection
	GlobalSection(NestedProjects) = preSolution
		{D776D15A-2070-42DB-9597-1FD87F30B9BB} = {20D7264A-43DD-4552-BB84-AE94C0B8B1B8}
		{67203AF2-70EF-4F14-B9E9-2CAE66AB7B86} = {20D7264A-43DD-4552-BB84-AE94C0B8B1B8}
		{C21CBEFA-1E5C-4977-9C27-D310913F7C28} = {20D7264A-43DD-4552-BB84-AE94C0B8B1B8}
		{F05AF8B0-A119-4D3B-9111-4A7A264F366C} = {83E91D5E-3638-432B-9682-21672AD37D1D}
		{20208E25-3D12-40BD-9A60-CFECBB119B3A} = {20D7264A-43DD-4552-BB84-AE94C0B8B1B8}
		{2CF53818-983A-4071-B3CF-BA8725A2AF1A} = {20D7264A-43DD-4552-BB84-AE94C0B8B1B8}
		{CB209C5B-DD55-43CA-A1C6-164D6269A04C} = {83E91D5E-3638-432B-9682-21672AD37D1D}
		{70963A3E-2D6E-4AA4-93E3-058CC1686978} = {20D7264A-43DD-4552-BB84-AE94C0B8B1B8}
		{63CEDDED-1E50-4B17-90FF-A810185D55F7} = {83E91D5E-3638-432B-9682-21672AD37D1D}
		{BB001D6D-C225-43EB-B78F-7DCCD7A0093F} = {5BDEAD79-B5D8-4912-B738-8DE967BD07D1}
		{0D9A172F-099F-4ED9-AD03-87B9330B0C1B} = {83E91D5E-3638-432B-9682-21672AD37D1D}
		{81FADEB5-A97F-4D01-ACF5-AE4279A3691D} = {20D7264A-43DD-4552-BB84-AE94C0B8B1B8}
		{6EE5D234-7325-45EE-B99E-5F68A828A512} = {83E91D5E-3638-432B-9682-21672AD37D1D}
		{EAC1D783-3811-43C7-B5BF-B6CFD7741A01} = {20D7264A-43DD-4552-BB84-AE94C0B8B1B8}
		{9BDB4C47-7ED5-4345-855F-4BFE46A4F882} = {83E91D5E-3638-432B-9682-21672AD37D1D}
		{E94F5863-3E23-42F1-A042-2E0CC33BDAF4} = {83E91D5E-3638-432B-9682-21672AD37D1D}
		{BE8759B8-2834-41F5-9AA6-48B1F92D60AF} = {5BDEAD79-B5D8-4912-B738-8DE967BD07D1}
		{456FA176-053E-469E-8ABD-D8DBF0C1A6CE} = {83E91D5E-3638-432B-9682-21672AD37D1D}
		{E150AC2F-CCC9-49C5-8C2F-FEEA7E2B3204} = {5BDEAD79-B5D8-4912-B738-8DE967BD07D1}
		{AAD673FA-29ED-4754-9ADC-8BA631ABB4BF} = {83E91D5E-3638-432B-9682-21672AD37D1D}
		{20D7264A-43DD-4552-BB84-AE94C0B8B1B8} = {70A47FF6-372D-4C66-BD87-7DB636AED154}
		{5BDEAD79-B5D8-4912-B738-8DE967BD07D1} = {70A47FF6-372D-4C66-BD87-7DB636AED154}
	EndGlobalSection
	GlobalSection(ExtensibilityGlobals) = postSolution
		SolutionGuid = {8F5F0788-5958-459A-B53D-296C9756B958}
	EndGlobalSection
EndGlobal
